# THIS IS AN AUTOGENERATED FILE. DO NOT EDIT THIS FILE DIRECTLY.
# yarn lockfile v1


"@babel/runtime@^7.15.4", "@babel/runtime@^7.9.2":
  "integrity" "sha512-99catp6bHCaxr4sJ/DbTGgHS4+Rs2RVd2g7iOap6SLGPDknRK9ztKNsE/Fg6QhSeh1FGE5f6gHGQmvvn3I3xhw=="
  "resolved" "https://registry.npmjs.org/@babel/runtime/-/runtime-7.15.4.tgz"
  "version" "7.15.4"
  dependencies:
    "regenerator-runtime" "^0.13.4"

"@types/hoist-non-react-statics@^3.3.0":
  "integrity" "sha512-iMIqiko6ooLrTh1joXodJK5X9xeEALT1kM5G3ZLhD3hszxBdIEd5C75U834D9mLcINgD4OyZf5uQXjkuYydWvA=="
  "resolved" "https://registry.npmjs.org/@types/hoist-non-react-statics/-/hoist-non-react-statics-3.3.1.tgz"
  "version" "3.3.1"
  dependencies:
    "@types/react" "*"
    "hoist-non-react-statics" "^3.3.0"

"@types/prop-types@*", "@types/prop-types@^15.7.3":
  "integrity" "sha512-rZ5drC/jWjrArrS8BR6SIr4cWpW09RNTYt9AMZo3Jwwif+iacXAqgVjm0B0Bv/S1jhDXKHqRVNCbACkJ89RAnQ=="
  "resolved" "https://registry.npmjs.org/@types/prop-types/-/prop-types-15.7.4.tgz"
  "version" "15.7.4"

"@types/react-redux@^7.1.20":
  "integrity" "sha512-q42es4c8iIeTgcnB+yJgRTTzftv3eYYvCZOh1Ckn2eX/3o5TdsQYKUWpLoLuGlcY/p+VAhV9IOEZJcWk/vfkXw=="
  "resolved" "https://registry.npmjs.org/@types/react-redux/-/react-redux-7.1.20.tgz"
  "version" "7.1.20"
  dependencies:
    "@types/hoist-non-react-statics" "^3.3.0"
    "@types/react" "*"
    "hoist-non-react-statics" "^3.3.0"
    "redux" "^4.0.0"

"@types/react@*":
  "integrity" "sha512-pLWntxXpDPaU+RTAuSGWGSEL2FRTNyRQOjSWDke/rxRg14ncsZvx8AKWMWZqvc1UOaJIAoObdZhAWvRaHFi5rw=="
  "resolved" "https://registry.npmjs.org/@types/react/-/react-17.0.33.tgz"
  "version" "17.0.33"
  dependencies:
    "@types/prop-types" "*"
    "@types/scheduler" "*"
    "csstype" "^3.0.2"

"@types/scheduler@*":
  "integrity" "sha512-hppQEBDmlwhFAXKJX2KnWLYu5yMfi91yazPb2l+lbJiwW+wdo1gNeRA+3RgNSO39WYX2euey41KEwnqesU2Jew=="
  "resolved" "https://registry.npmjs.org/@types/scheduler/-/scheduler-0.16.2.tgz"
  "version" "0.16.2"

"csstype@^3.0.2":
  "integrity" "sha512-rpw6JPxK6Rfg1zLOYCSwle2GFOOsnjmDYDaBwEcwoOg4qlsIVCN789VkBZDJAGi4T07gI4YSutR43t9Zz4Lzuw=="
  "resolved" "https://registry.npmjs.org/csstype/-/csstype-3.0.9.tgz"
  "version" "3.0.9"

"hoist-non-react-statics@^3.3.0", "hoist-non-react-statics@^3.3.2":
  "integrity" "sha512-/gGivxi8JPKWNm/W0jSmzcMPpfpPLc3dY/6GxhX2hQ9iGj3aDfklV4ET7NjKpSinLpJ5vafa9iiGIEZg10SfBw=="
  "resolved" "https://registry.npmjs.org/hoist-non-react-statics/-/hoist-non-react-statics-3.3.2.tgz"
  "version" "3.3.2"
  dependencies:
    "react-is" "^16.7.0"

"js-tokens@^3.0.0 || ^4.0.0":
  "integrity" "sha512-RdJUflcE3cUzKiMqQgsCu06FPu9UdIJO0beYbPhHN4k6apgJtifcoCtT9bcxOpYBtpD2kCM6Sbzg4CausW/PKQ=="
  "resolved" "https://registry.npmjs.org/js-tokens/-/js-tokens-4.0.0.tgz"
  "version" "4.0.0"

"lodash@^4.17.19":
  "integrity" "sha512-v2kDEe57lecTulaDIuNTPy3Ry4gLGJ6Z1O3vE1krgXZNrsQ+LFTGHVxVjcXPs17LhbZVGedAJv8XZ1tvj5FvSg=="
  "resolved" "https://registry.npmjs.org/lodash/-/lodash-4.17.21.tgz"
  "version" "4.17.21"

"loose-envify@^1.1.0", "loose-envify@^1.4.0":
  "integrity" "sha512-lyuxPGr/Wfhrlem2CL/UcnUc1zcqKAImBDzukY7Y5F/yQiNdko6+fRLevlw1HgMySw7f611UIY408EtxRSoK3Q=="
  "resolved" "https://registry.npmjs.org/loose-envify/-/loose-envify-1.4.0.tgz"
  "version" "1.4.0"
  dependencies:
    "js-tokens" "^3.0.0 || ^4.0.0"

"object-assign@^4.1.1":
  "integrity" "sha1-IQmtx5ZYh8/AXLvUQsrIv7s2CGM="
  "resolved" "https://registry.npmjs.org/object-assign/-/object-assign-4.1.1.tgz"
  "version" "4.1.1"

"prop-types@^15.6.2", "prop-types@^15.7.2":
  "integrity" "sha512-8QQikdH7//R2vurIJSutZ1smHYTcLpRWEOlHnzcWHmBYrOGUysKwSsrC89BCiFj3CbrfJ/nXFdJepOVrY1GCHQ=="
  "resolved" "https://registry.npmjs.org/prop-types/-/prop-types-15.7.2.tgz"
  "version" "15.7.2"
  dependencies:
    "loose-envify" "^1.4.0"
    "object-assign" "^4.1.1"
    "react-is" "^16.8.1"

"react-is@^16.7.0", "react-is@^16.8.1":
  "integrity" "sha512-24e6ynE2H+OKt4kqsOvNd8kBpV65zoxbA4BVsEOB3ARVWQki/DHzaUoC5KuON/BiccDaCCTZBuOcfZs70kR8bQ=="
  "resolved" "https://registry.npmjs.org/react-is/-/react-is-16.13.1.tgz"
  "version" "16.13.1"

"react-is@^17.0.2":
  "integrity" "sha512-w2GsyukL62IJnlaff/nRegPQR94C/XXamvMWmSHRJ4y7Ts/4ocGRmTHvOs8PSE6pB3dWOrD/nueuU5sduBsQ4w=="
  "resolved" "https://registry.npmjs.org/react-is/-/react-is-17.0.2.tgz"
  "version" "17.0.2"

"react-redux@^4.0.0 || ^5.0.0 || ^6.0.0 || ^7.0.0", "react-redux@^7.2.6":
  "integrity" "sha512-10RPdsz0UUrRL1NZE0ejTkucnclYSgXp5q+tB5SWx2qeG2ZJQJyymgAhwKy73yiL/13btfB6fPr+rgbMAaZIAQ=="
  "resolved" "https://registry.npmjs.org/react-redux/-/react-redux-7.2.6.tgz"
  "version" "7.2.6"
  dependencies:
    "@babel/runtime" "^7.15.4"
    "@types/react-redux" "^7.1.20"
    "hoist-non-react-statics" "^3.3.2"
    "loose-envify" "^1.4.0"
    "prop-types" "^15.7.2"
    "react-is" "^17.0.2"

"react@^0.14.9 || ^15.3.0 || ^16.0.0", "react@^16.8.3 || ^17":
  "integrity" "sha512-0X2CImDkJGApiAlcf0ODKIneSwBPhqJawOa5wCtKbu7ZECrmS26NvtSILynQ66cgkT/RJ4LidJOc3bUESwmU8g=="
  "resolved" "https://registry.npmjs.org/react/-/react-16.14.0.tgz"
  "version" "16.14.0"
  dependencies:
    "loose-envify" "^1.1.0"
    "object-assign" "^4.1.1"
    "prop-types" "^15.6.2"

"redux-devtools-extension@^2.13.9":
  "integrity" "sha512-cNJ8Q/EtjhQaZ71c8I9+BPySIBVEKssbPpskBfsXqb8HJ002A3KRVHfeRzwRo6mGPqsm7XuHTqNSNeS1Khig0A=="
  "resolved" "https://registry.npmjs.org/redux-devtools-extension/-/redux-devtools-extension-2.13.9.tgz"
  "version" "2.13.9"

"redux-devtools-instrument@^1.10.0":
  "integrity" "sha512-X8JRBCzX2ADSMp+iiV7YQ8uoTNyEm0VPFPd4T854coz6lvRiBrFSqAr9YAS2n8Kzxx8CJQotR0QF9wsMM+3DvA=="
  "resolved" "https://registry.npmjs.org/redux-devtools-instrument/-/redux-devtools-instrument-1.10.0.tgz"
  "version" "1.10.0"
  dependencies:
    "lodash" "^4.17.19"
    "symbol-observable" "^1.2.0"

"redux-devtools@^3.7.0":
  "integrity" "sha512-Lnx3UX7mnJij2Xs+RicPK1GyKkbuodrCKtfYmJsN603wC0mc99W//xCAskGVNmRhIXg4e57m2k1CyX0kVzCsBg=="
  "resolved" "https://registry.npmjs.org/redux-devtools/-/redux-devtools-3.7.0.tgz"
  "version" "3.7.0"
  dependencies:
    "@types/prop-types" "^15.7.3"
    "lodash" "^4.17.19"
    "prop-types" "^15.7.2"
    "redux-devtools-instrument" "^1.10.0"

"redux@^3.1.0 || ^4.0.0", "redux@^3.4.0 || ^4.0.0", "redux@^3.5.2 || ^4.0.0", "redux@^4.0.0", "redux@^4.1.1":
  "integrity" "sha512-hZQZdDEM25UY2P493kPYuKqviVwZ58lEmGQNeQ+gXa+U0gYPUBf7NKYazbe3m+bs/DzM/ahN12DbF+NG8i0CWw=="
  "resolved" "https://registry.npmjs.org/redux/-/redux-4.1.1.tgz"
  "version" "4.1.1"
  dependencies:
    "@babel/runtime" "^7.9.2"

"regenerator-runtime@^0.13.4":
  "integrity" "sha512-p3VT+cOEgxFsRRA9X4lkI1E+k2/CtnKtU4gcxyaCUreilL/vqI6CdZ3wxVUx3UOUg+gnUOQQcRI7BmSI656MYA=="
  "resolved" "https://registry.npmjs.org/regenerator-runtime/-/regenerator-runtime-0.13.9.tgz"
  "version" "0.13.9"

"symbol-observable@^1.2.0":
  "integrity" "sha512-e900nM8RRtGhlV36KGEU9k65K3mPb1WV70OdjfxlG2EAuM1noi/E/BaW/uMhL7bPEssK8QV57vN3esixjUvcXQ=="
  "resolved" "https://registry.npmjs.org/symbol-observable/-/symbol-observable-1.2.0.tgz"
  "version" "1.2.0"
